// !$*UTF8*$!
{
	archiveVersion = 1;
	classes = {
	};
	objectVersion = 56;
	objects = {

/* Begin PBXBuildFile section */
		5538ADB829D35EB600D78B32 /* AppDelegate.swift in Sources */ = {isa = PBXBuildFile; fileRef = 5538ADB729D35EB600D78B32 /* AppDelegate.swift */; };
		5538ADBA29D35EB600D78B32 /* SceneDelegate.swift in Sources */ = {isa = PBXBuildFile; fileRef = 5538ADB929D35EB600D78B32 /* SceneDelegate.swift */; };
		5538ADC129D35EB700D78B32 /* Assets.xcassets in Resources */ = {isa = PBXBuildFile; fileRef = 5538ADC029D35EB700D78B32 /* Assets.xcassets */; };
		5538ADC429D35EB700D78B32 /* LaunchScreen.storyboard in Resources */ = {isa = PBXBuildFile; fileRef = 5538ADC229D35EB700D78B32 /* LaunchScreen.storyboard */; };
		5538ADCF29D35EB700D78B32 /* NovelReaderTests.swift in Sources */ = {isa = PBXBuildFile; fileRef = 5538ADCE29D35EB700D78B32 /* NovelReaderTests.swift */; };
		5538ADD929D35EB700D78B32 /* NovelReaderUITests.swift in Sources */ = {isa = PBXBuildFile; fileRef = 5538ADD829D35EB700D78B32 /* NovelReaderUITests.swift */; };
		5538ADDB29D35EB700D78B32 /* NovelReaderUITestsLaunchTests.swift in Sources */ = {isa = PBXBuildFile; fileRef = 5538ADDA29D35EB700D78B32 /* NovelReaderUITestsLaunchTests.swift */; };
		5538ADEC29D37ED600D78B32 /* Coordinator.swift in Sources */ = {isa = PBXBuildFile; fileRef = 5538ADEB29D37ED600D78B32 /* Coordinator.swift */; };
		5538ADEF29D3812800D78B32 /* UINavigationController.swift in Sources */ = {isa = PBXBuildFile; fileRef = 5538ADEE29D3812800D78B32 /* UINavigationController.swift */; };
		5538ADF229D466A300D78B32 /* NovelCollectionViewController.swift in Sources */ = {isa = PBXBuildFile; fileRef = 5538ADF129D466A300D78B32 /* NovelCollectionViewController.swift */; };
		5538ADF629D4678100D78B32 /* Coordinatable.swift in Sources */ = {isa = PBXBuildFile; fileRef = 5538ADF529D4678100D78B32 /* Coordinatable.swift */; };
		5538ADFA29D46A7800D78B32 /* Novel.swift in Sources */ = {isa = PBXBuildFile; fileRef = 5538ADF929D46A7800D78B32 /* Novel.swift */; };
		5538ADFC29D46A8200D78B32 /* Chapter.swift in Sources */ = {isa = PBXBuildFile; fileRef = 5538ADFB29D46A8200D78B32 /* Chapter.swift */; };
		5538AE0129D46F5700D78B32 /* NovelCollectionViewCell.swift in Sources */ = {isa = PBXBuildFile; fileRef = 5538AE0029D46F5700D78B32 /* NovelCollectionViewCell.swift */; };
		5538AE0429D4700800D78B32 /* CellIdentifiable.swift in Sources */ = {isa = PBXBuildFile; fileRef = 5538AE0329D4700800D78B32 /* CellIdentifiable.swift */; };
		5538AE0829D4BA9100D78B32 /* ChapterListViewController.swift in Sources */ = {isa = PBXBuildFile; fileRef = 5538AE0729D4BA9100D78B32 /* ChapterListViewController.swift */; };
		5538AE0B29D4E95700D78B32 /* ReadingViewController.swift in Sources */ = {isa = PBXBuildFile; fileRef = 5538AE0A29D4E95700D78B32 /* ReadingViewController.swift */; };
		5538AE0E29D6041000D78B32 /* SettingsViewController.swift in Sources */ = {isa = PBXBuildFile; fileRef = 5538AE0D29D6041000D78B32 /* SettingsViewController.swift */; };
		5538AE1129D72B7000D78B32 /* FontFamilySelectionView.swift in Sources */ = {isa = PBXBuildFile; fileRef = 5538AE1029D72B7000D78B32 /* FontFamilySelectionView.swift */; };
/* End PBXBuildFile section */

/* Begin PBXContainerItemProxy section */
		5538ADCB29D35EB700D78B32 /* PBXContainerItemProxy */ = {
			isa = PBXContainerItemProxy;
			containerPortal = 5538ADAC29D35EB500D78B32 /* Project object */;
			proxyType = 1;
			remoteGlobalIDString = 5538ADB329D35EB500D78B32;
			remoteInfo = NovelReader;
		};
		5538ADD529D35EB700D78B32 /* PBXContainerItemProxy */ = {
			isa = PBXContainerItemProxy;
			containerPortal = 5538ADAC29D35EB500D78B32 /* Project object */;
			proxyType = 1;
			remoteGlobalIDString = 5538ADB329D35EB500D78B32;
			remoteInfo = NovelReader;
		};
/* End PBXContainerItemProxy section */

/* Begin PBXFileReference section */
		5538ADB429D35EB500D78B32 /* NovelReader.app */ = {isa = PBXFileReference; explicitFileType = wrapper.application; includeInIndex = 0; path = NovelReader.app; sourceTree = BUILT_PRODUCTS_DIR; };
		5538ADB729D35EB600D78B32 /* AppDelegate.swift */ = {isa = PBXFileReference; lastKnownFileType = sourcecode.swift; path = AppDelegate.swift; sourceTree = "<group>"; };
		5538ADB929D35EB600D78B32 /* SceneDelegate.swift */ = {isa = PBXFileReference; lastKnownFileType = sourcecode.swift; path = SceneDelegate.swift; sourceTree = "<group>"; };
		5538ADC029D35EB700D78B32 /* Assets.xcassets */ = {isa = PBXFileReference; lastKnownFileType = folder.assetcatalog; path = Assets.xcassets; sourceTree = "<group>"; };
		5538ADC329D35EB700D78B32 /* Base */ = {isa = PBXFileReference; lastKnownFileType = file.storyboard; name = Base; path = Base.lproj/LaunchScreen.storyboard; sourceTree = "<group>"; };
		5538ADC529D35EB700D78B32 /* Info.plist */ = {isa = PBXFileReference; lastKnownFileType = text.plist.xml; path = Info.plist; sourceTree = "<group>"; };
		5538ADCA29D35EB700D78B32 /* NovelReaderTests.xctest */ = {isa = PBXFileReference; explicitFileType = wrapper.cfbundle; includeInIndex = 0; path = NovelReaderTests.xctest; sourceTree = BUILT_PRODUCTS_DIR; };
		5538ADCE29D35EB700D78B32 /* NovelReaderTests.swift */ = {isa = PBXFileReference; lastKnownFileType = sourcecode.swift; path = NovelReaderTests.swift; sourceTree = "<group>"; };
		5538ADD429D35EB700D78B32 /* NovelReaderUITests.xctest */ = {isa = PBXFileReference; explicitFileType = wrapper.cfbundle; includeInIndex = 0; path = NovelReaderUITests.xctest; sourceTree = BUILT_PRODUCTS_DIR; };
		5538ADD829D35EB700D78B32 /* NovelReaderUITests.swift */ = {isa = PBXFileReference; lastKnownFileType = sourcecode.swift; path = NovelReaderUITests.swift; sourceTree = "<group>"; };
		5538ADDA29D35EB700D78B32 /* NovelReaderUITestsLaunchTests.swift */ = {isa = PBXFileReference; lastKnownFileType = sourcecode.swift; path = NovelReaderUITestsLaunchTests.swift; sourceTree = "<group>"; };
		5538ADEB29D37ED600D78B32 /* Coordinator.swift */ = {isa = PBXFileReference; lastKnownFileType = sourcecode.swift; path = Coordinator.swift; sourceTree = "<group>"; };
		5538ADEE29D3812800D78B32 /* UINavigationController.swift */ = {isa = PBXFileReference; lastKnownFileType = sourcecode.swift; path = UINavigationController.swift; sourceTree = "<group>"; };
		5538ADF129D466A300D78B32 /* NovelCollectionViewController.swift */ = {isa = PBXFileReference; lastKnownFileType = sourcecode.swift; path = NovelCollectionViewController.swift; sourceTree = "<group>"; };
		5538ADF529D4678100D78B32 /* Coordinatable.swift */ = {isa = PBXFileReference; lastKnownFileType = sourcecode.swift; path = Coordinatable.swift; sourceTree = "<group>"; };
		5538ADF929D46A7800D78B32 /* Novel.swift */ = {isa = PBXFileReference; lastKnownFileType = sourcecode.swift; path = Novel.swift; sourceTree = "<group>"; };
		5538ADFB29D46A8200D78B32 /* Chapter.swift */ = {isa = PBXFileReference; lastKnownFileType = sourcecode.swift; path = Chapter.swift; sourceTree = "<group>"; };
		5538AE0029D46F5700D78B32 /* NovelCollectionViewCell.swift */ = {isa = PBXFileReference; lastKnownFileType = sourcecode.swift; path = NovelCollectionViewCell.swift; sourceTree = "<group>"; };
		5538AE0329D4700800D78B32 /* CellIdentifiable.swift */ = {isa = PBXFileReference; lastKnownFileType = sourcecode.swift; path = CellIdentifiable.swift; sourceTree = "<group>"; };
		5538AE0729D4BA9100D78B32 /* ChapterListViewController.swift */ = {isa = PBXFileReference; lastKnownFileType = sourcecode.swift; path = ChapterListViewController.swift; sourceTree = "<group>"; };
		5538AE0A29D4E95700D78B32 /* ReadingViewController.swift */ = {isa = PBXFileReference; lastKnownFileType = sourcecode.swift; path = ReadingViewController.swift; sourceTree = "<group>"; };
		5538AE0D29D6041000D78B32 /* SettingsViewController.swift */ = {isa = PBXFileReference; lastKnownFileType = sourcecode.swift; path = SettingsViewController.swift; sourceTree = "<group>"; };
		5538AE1029D72B7000D78B32 /* FontFamilySelectionView.swift */ = {isa = PBXFileReference; lastKnownFileType = sourcecode.swift; path = FontFamilySelectionView.swift; sourceTree = "<group>"; };
/* End PBXFileReference section */

/* Begin PBXFrameworksBuildPhase section */
		5538ADB129D35EB500D78B32 /* Frameworks */ = {
			isa = PBXFrameworksBuildPhase;
			buildActionMask = 2147483647;
			files = (
			);
			runOnlyForDeploymentPostprocessing = 0;
		};
		5538ADC729D35EB700D78B32 /* Frameworks */ = {
			isa = PBXFrameworksBuildPhase;
			buildActionMask = 2147483647;
			files = (
			);
			runOnlyForDeploymentPostprocessing = 0;
		};
		5538ADD129D35EB700D78B32 /* Frameworks */ = {
			isa = PBXFrameworksBuildPhase;
			buildActionMask = 2147483647;
			files = (
			);
			runOnlyForDeploymentPostprocessing = 0;
		};
/* End PBXFrameworksBuildPhase section */

/* Begin PBXGroup section */
		5538ADAB29D35EB500D78B32 = {
			isa = PBXGroup;
			children = (
				5538ADB629D35EB600D78B32 /* NovelReader */,
				5538ADCD29D35EB700D78B32 /* NovelReaderTests */,
				5538ADD729D35EB700D78B32 /* NovelReaderUITests */,
				5538ADB529D35EB500D78B32 /* Products */,
			);
			sourceTree = "<group>";
		};
		5538ADB529D35EB500D78B32 /* Products */ = {
			isa = PBXGroup;
			children = (
				5538ADB429D35EB500D78B32 /* NovelReader.app */,
				5538ADCA29D35EB700D78B32 /* NovelReaderTests.xctest */,
				5538ADD429D35EB700D78B32 /* NovelReaderUITests.xctest */,
			);
			name = Products;
			sourceTree = "<group>";
		};
		5538ADB629D35EB600D78B32 /* NovelReader */ = {
			isa = PBXGroup;
			children = (
				5538ADED29D380CA00D78B32 /* Extensions */,
				5538ADEA29D37ECB00D78B32 /* Services */,
				5538ADE929D361B200D78B32 /* Screens */,
				5538ADE729D3618E00D78B32 /* Application */,
			);
			path = NovelReader;
			sourceTree = "<group>";
		};
		5538ADCD29D35EB700D78B32 /* NovelReaderTests */ = {
			isa = PBXGroup;
			children = (
				5538ADCE29D35EB700D78B32 /* NovelReaderTests.swift */,
			);
			path = NovelReaderTests;
			sourceTree = "<group>";
		};
		5538ADD729D35EB700D78B32 /* NovelReaderUITests */ = {
			isa = PBXGroup;
			children = (
				5538ADD829D35EB700D78B32 /* NovelReaderUITests.swift */,
				5538ADDA29D35EB700D78B32 /* NovelReaderUITestsLaunchTests.swift */,
			);
			path = NovelReaderUITests;
			sourceTree = "<group>";
		};
		5538ADE729D3618E00D78B32 /* Application */ = {
			isa = PBXGroup;
			children = (
				5538ADE829D361A200D78B32 /* Delegate */,
				5538ADC229D35EB700D78B32 /* LaunchScreen.storyboard */,
				5538ADC029D35EB700D78B32 /* Assets.xcassets */,
				5538ADC529D35EB700D78B32 /* Info.plist */,
			);
			path = Application;
			sourceTree = "<group>";
		};
		5538ADE829D361A200D78B32 /* Delegate */ = {
			isa = PBXGroup;
			children = (
				5538ADB729D35EB600D78B32 /* AppDelegate.swift */,
				5538ADB929D35EB600D78B32 /* SceneDelegate.swift */,
			);
			path = Delegate;
			sourceTree = "<group>";
		};
		5538ADE929D361B200D78B32 /* Screens */ = {
			isa = PBXGroup;
			children = (
				5538ADF729D46A6500D78B32 /* Shared */,
				5538AE0C29D603F900D78B32 /* OptionsView */,
				5538AE0929D4E91000D78B32 /* ReadingView */,
				5538AE0629D4BA3300D78B32 /* ChapterList */,
				5538ADF029D4668B00D78B32 /* NovelCollection */,
			);
			path = Screens;
			sourceTree = "<group>";
		};
		5538ADEA29D37ECB00D78B32 /* Services */ = {
			isa = PBXGroup;
			children = (
				5538ADF429D4674300D78B32 /* Coordinator */,
			);
			path = Services;
			sourceTree = "<group>";
		};
		5538ADED29D380CA00D78B32 /* Extensions */ = {
			isa = PBXGroup;
			children = (
				5538ADEE29D3812800D78B32 /* UINavigationController.swift */,
			);
			path = Extensions;
			sourceTree = "<group>";
		};
		5538ADF029D4668B00D78B32 /* NovelCollection */ = {
			isa = PBXGroup;
			children = (
				5538ADFF29D46F2D00D78B32 /* View */,
				5538ADF129D466A300D78B32 /* NovelCollectionViewController.swift */,
			);
			path = NovelCollection;
			sourceTree = "<group>";
		};
		5538ADF429D4674300D78B32 /* Coordinator */ = {
			isa = PBXGroup;
			children = (
				5538ADEB29D37ED600D78B32 /* Coordinator.swift */,
				5538ADF529D4678100D78B32 /* Coordinatable.swift */,
			);
			path = Coordinator;
			sourceTree = "<group>";
		};
		5538ADF729D46A6500D78B32 /* Shared */ = {
			isa = PBXGroup;
			children = (
				5538AE0229D46FE400D78B32 /* Protocols */,
				5538ADF829D46A6B00D78B32 /* Models */,
			);
			path = Shared;
			sourceTree = "<group>";
		};
		5538ADF829D46A6B00D78B32 /* Models */ = {
			isa = PBXGroup;
			children = (
				5538ADF929D46A7800D78B32 /* Novel.swift */,
				5538ADFB29D46A8200D78B32 /* Chapter.swift */,
			);
			path = Models;
			sourceTree = "<group>";
		};
		5538ADFF29D46F2D00D78B32 /* View */ = {
			isa = PBXGroup;
			children = (
				5538AE0029D46F5700D78B32 /* NovelCollectionViewCell.swift */,
			);
			path = View;
			sourceTree = "<group>";
		};
		5538AE0229D46FE400D78B32 /* Protocols */ = {
			isa = PBXGroup;
			children = (
				5538AE0329D4700800D78B32 /* CellIdentifiable.swift */,
			);
			path = Protocols;
			sourceTree = "<group>";
		};
		5538AE0629D4BA3300D78B32 /* ChapterList */ = {
			isa = PBXGroup;
			children = (
				5538AE0729D4BA9100D78B32 /* ChapterListViewController.swift */,
			);
			path = ChapterList;
			sourceTree = "<group>";
		};
		5538AE0929D4E91000D78B32 /* ReadingView */ = {
			isa = PBXGroup;
			children = (
				5538AE0A29D4E95700D78B32 /* ReadingViewController.swift */,
			);
			path = ReadingView;
			sourceTree = "<group>";
		};
		5538AE0C29D603F900D78B32 /* OptionsView */ = {
			isa = PBXGroup;
			children = (
				5538AE0F29D72B5400D78B32 /* View */,
				5538AE0D29D6041000D78B32 /* SettingsViewController.swift */,
			);
			path = OptionsView;
			sourceTree = "<group>";
		};
		5538AE0F29D72B5400D78B32 /* View */ = {
			isa = PBXGroup;
			children = (
				5538AE1029D72B7000D78B32 /* FontFamilySelectionView.swift */,
			);
			path = View;
			sourceTree = "<group>";
		};
/* End PBXGroup section */

/* Begin PBXNativeTarget section */
		5538ADB329D35EB500D78B32 /* NovelReader */ = {
			isa = PBXNativeTarget;
			buildConfigurationList = 5538ADDE29D35EB700D78B32 /* Build configuration list for PBXNativeTarget "NovelReader" */;
			buildPhases = (
				5538ADB029D35EB500D78B32 /* Sources */,
				5538ADB129D35EB500D78B32 /* Frameworks */,
				5538ADB229D35EB500D78B32 /* Resources */,
				5538AE0529D4738200D78B32 /* ShellScript */,
			);
			buildRules = (
			);
			dependencies = (
			);
			name = NovelReader;
			productName = NovelReader;
			productReference = 5538ADB429D35EB500D78B32 /* NovelReader.app */;
			productType = "com.apple.product-type.application";
		};
		5538ADC929D35EB700D78B32 /* NovelReaderTests */ = {
			isa = PBXNativeTarget;
			buildConfigurationList = 5538ADE129D35EB700D78B32 /* Build configuration list for PBXNativeTarget "NovelReaderTests" */;
			buildPhases = (
				5538ADC629D35EB700D78B32 /* Sources */,
				5538ADC729D35EB700D78B32 /* Frameworks */,
				5538ADC829D35EB700D78B32 /* Resources */,
			);
			buildRules = (
			);
			dependencies = (
				5538ADCC29D35EB700D78B32 /* PBXTargetDependency */,
			);
			name = NovelReaderTests;
			productName = NovelReaderTests;
			productReference = 5538ADCA29D35EB700D78B32 /* NovelReaderTests.xctest */;
			productType = "com.apple.product-type.bundle.unit-test";
		};
		5538ADD329D35EB700D78B32 /* NovelReaderUITests */ = {
			isa = PBXNativeTarget;
			buildConfigurationList = 5538ADE429D35EB700D78B32 /* Build configuration list for PBXNativeTarget "NovelReaderUITests" */;
			buildPhases = (
				5538ADD029D35EB700D78B32 /* Sources */,
				5538ADD129D35EB700D78B32 /* Frameworks */,
				5538ADD229D35EB700D78B32 /* Resources */,
			);
			buildRules = (
			);
			dependencies = (
				5538ADD629D35EB700D78B32 /* PBXTargetDependency */,
			);
			name = NovelReaderUITests;
			productName = NovelReaderUITests;
			productReference = 5538ADD429D35EB700D78B32 /* NovelReaderUITests.xctest */;
			productType = "com.apple.product-type.bundle.ui-testing";
		};
/* End PBXNativeTarget section */

/* Begin PBXProject section */
		5538ADAC29D35EB500D78B32 /* Project object */ = {
			isa = PBXProject;
			attributes = {
				BuildIndependentTargetsInParallel = 1;
				LastSwiftUpdateCheck = 1420;
				LastUpgradeCheck = 1420;
				TargetAttributes = {
					5538ADB329D35EB500D78B32 = {
						CreatedOnToolsVersion = 14.2;
					};
					5538ADC929D35EB700D78B32 = {
						CreatedOnToolsVersion = 14.2;
						TestTargetID = 5538ADB329D35EB500D78B32;
					};
					5538ADD329D35EB700D78B32 = {
						CreatedOnToolsVersion = 14.2;
						TestTargetID = 5538ADB329D35EB500D78B32;
					};
				};
			};
			buildConfigurationList = 5538ADAF29D35EB500D78B32 /* Build configuration list for PBXProject "NovelReader" */;
			compatibilityVersion = "Xcode 14.0";
			developmentRegion = en;
			hasScannedForEncodings = 0;
			knownRegions = (
				en,
				Base,
			);
			mainGroup = 5538ADAB29D35EB500D78B32;
			productRefGroup = 5538ADB529D35EB500D78B32 /* Products */;
			projectDirPath = "";
			projectRoot = "";
			targets = (
				5538ADB329D35EB500D78B32 /* NovelReader */,
				5538ADC929D35EB700D78B32 /* NovelReaderTests */,
				5538ADD329D35EB700D78B32 /* NovelReaderUITests */,
			);
		};
/* End PBXProject section */

/* Begin PBXResourcesBuildPhase section */
		5538ADB229D35EB500D78B32 /* Resources */ = {
			isa = PBXResourcesBuildPhase;
			buildActionMask = 2147483647;
			files = (
				5538ADC429D35EB700D78B32 /* LaunchScreen.storyboard in Resources */,
				5538ADC129D35EB700D78B32 /* Assets.xcassets in Resources */,
			);
			runOnlyForDeploymentPostprocessing = 0;
		};
		5538ADC829D35EB700D78B32 /* Resources */ = {
			isa = PBXResourcesBuildPhase;
			buildActionMask = 2147483647;
			files = (
			);
			runOnlyForDeploymentPostprocessing = 0;
		};
		5538ADD229D35EB700D78B32 /* Resources */ = {
			isa = PBXResourcesBuildPhase;
			buildActionMask = 2147483647;
			files = (
			);
			runOnlyForDeploymentPostprocessing = 0;
		};
/* End PBXResourcesBuildPhase section */

/* Begin PBXShellScriptBuildPhase section */
		5538AE0529D4738200D78B32 /* ShellScript */ = {
			isa = PBXShellScriptBuildPhase;
			alwaysOutOfDate = 1;
			buildActionMask = 2147483647;
			files = (
			);
			inputFileListPaths = (
			);
			inputPaths = (
			);
			outputFileListPaths = (
			);
			outputPaths = (
			);
			runOnlyForDeploymentPostprocessing = 0;
			shellPath = /bin/sh;
			shellScript = "if which swiftlint >/dev/null; then\n  swiftlint\nelse\n  echo \"warning: SwiftLint not installed, download from https://github.com/realm/SwiftLint\"\nfi\n";
		};
/* End PBXShellScriptBuildPhase section */

/* Begin PBXSourcesBuildPhase section */
		5538ADB029D35EB500D78B32 /* Sources */ = {
			isa = PBXSourcesBuildPhase;
			buildActionMask = 2147483647;
			files = (
				5538ADEC29D37ED600D78B32 /* Coordinator.swift in Sources */,
				5538ADEF29D3812800D78B32 /* UINavigationController.swift in Sources */,
				5538AE1129D72B7000D78B32 /* FontFamilySelectionView.swift in Sources */,
				5538ADB829D35EB600D78B32 /* AppDelegate.swift in Sources */,
				5538ADBA29D35EB600D78B32 /* SceneDelegate.swift in Sources */,
				5538ADF229D466A300D78B32 /* NovelCollectionViewController.swift in Sources */,
				5538AE0829D4BA9100D78B32 /* ChapterListViewController.swift in Sources */,
				5538AE0429D4700800D78B32 /* CellIdentifiable.swift in Sources */,
				5538ADF629D4678100D78B32 /* Coordinatable.swift in Sources */,
				5538AE0E29D6041000D78B32 /* SettingsViewController.swift in Sources */,
				5538ADFA29D46A7800D78B32 /* Novel.swift in Sources */,
				5538AE0129D46F5700D78B32 /* NovelCollectionViewCell.swift in Sources */,
				5538ADFC29D46A8200D78B32 /* Chapter.swift in Sources */,
				5538AE0B29D4E95700D78B32 /* ReadingViewController.swift in Sources */,
			);
			runOnlyForDeploymentPostprocessing = 0;
		};
		5538ADC629D35EB700D78B32 /* Sources */ = {
			isa = PBXSourcesBuildPhase;
			buildActionMask = 2147483647;
			files = (
				5538ADCF29D35EB700D78B32 /* NovelReaderTests.swift in Sources */,
			);
			runOnlyForDeploymentPostprocessing = 0;
		};
		5538ADD029D35EB700D78B32 /* Sources */ = {
			isa = PBXSourcesBuildPhase;
			buildActionMask = 2147483647;
			files = (
				5538ADDB29D35EB700D78B32 /* NovelReaderUITestsLaunchTests.swift in Sources */,
				5538ADD929D35EB700D78B32 /* NovelReaderUITests.swift in Sources */,
			);
			runOnlyForDeploymentPostprocessing = 0;
		};
/* End PBXSourcesBuildPhase section */

/* Begin PBXTargetDependency section */
		5538ADCC29D35EB700D78B32 /* PBXTargetDependency */ = {
			isa = PBXTargetDependency;
			target = 5538ADB329D35EB500D78B32 /* NovelReader */;
			targetProxy = 5538ADCB29D35EB700D78B32 /* PBXContainerItemProxy */;
		};
		5538ADD629D35EB700D78B32 /* PBXTargetDependency */ = {
			isa = PBXTargetDependency;
			target = 5538ADB329D35EB500D78B32 /* NovelReader */;
			targetProxy = 5538ADD529D35EB700D78B32 /* PBXContainerItemProxy */;
		};
/* End PBXTargetDependency section */

/* Begin PBXVariantGroup section */
		5538ADC229D35EB700D78B32 /* LaunchScreen.storyboard */ = {
			isa = PBXVariantGroup;
			children = (
				5538ADC329D35EB700D78B32 /* Base */,
			);
			name = LaunchScreen.storyboard;
			sourceTree = "<group>";
		};
/* End PBXVariantGroup section */

/* Begin XCBuildConfiguration section */
		5538ADDC29D35EB700D78B32 /* Debug */ = {
			isa = XCBuildConfiguration;
			buildSettings = {
				ALWAYS_SEARCH_USER_PATHS = NO;
				CLANG_ANALYZER_NONNULL = YES;
				CLANG_ANALYZER_NUMBER_OBJECT_CONVERSION = YES_AGGRESSIVE;
				CLANG_CXX_LANGUAGE_STANDARD = "gnu++20";
				CLANG_ENABLE_MODULES = YES;
				CLANG_ENABLE_OBJC_ARC = YES;
				CLANG_ENABLE_OBJC_WEAK = YES;
				CLANG_WARN_BLOCK_CAPTURE_AUTORELEASING = YES;
				CLANG_WARN_BOOL_CONVERSION = YES;
				CLANG_WARN_COMMA = YES;
				CLANG_WARN_CONSTANT_CONVERSION = YES;
				CLANG_WARN_DEPRECATED_OBJC_IMPLEMENTATIONS = YES;
				CLANG_WARN_DIRECT_OBJC_ISA_USAGE = YES_ERROR;
				CLANG_WARN_DOCUMENTATION_COMMENTS = YES;
				CLANG_WARN_EMPTY_BODY = YES;
				CLANG_WARN_ENUM_CONVERSION = YES;
				CLANG_WARN_INFINITE_RECURSION = YES;
				CLANG_WARN_INT_CONVERSION = YES;
				CLANG_WARN_NON_LITERAL_NULL_CONVERSION = YES;
				CLANG_WARN_OBJC_IMPLICIT_RETAIN_SELF = YES;
				CLANG_WARN_OBJC_LITERAL_CONVERSION = YES;
				CLANG_WARN_OBJC_ROOT_CLASS = YES_ERROR;
				CLANG_WARN_QUOTED_INCLUDE_IN_FRAMEWORK_HEADER = YES;
				CLANG_WARN_RANGE_LOOP_ANALYSIS = YES;
				CLANG_WARN_STRICT_PROTOTYPES = YES;
				CLANG_WARN_SUSPICIOUS_MOVE = YES;
				CLANG_WARN_UNGUARDED_AVAILABILITY = YES_AGGRESSIVE;
				CLANG_WARN_UNREACHABLE_CODE = YES;
				CLANG_WARN__DUPLICATE_METHOD_MATCH = YES;
				COPY_PHASE_STRIP = NO;
				DEBUG_INFORMATION_FORMAT = dwarf;
				ENABLE_STRICT_OBJC_MSGSEND = YES;
				ENABLE_TESTABILITY = YES;
				GCC_C_LANGUAGE_STANDARD = gnu11;
				GCC_DYNAMIC_NO_PIC = NO;
				GCC_NO_COMMON_BLOCKS = YES;
				GCC_OPTIMIZATION_LEVEL = 0;
				GCC_PREPROCESSOR_DEFINITIONS = (
					"DEBUG=1",
					"$(inherited)",
				);
				GCC_WARN_64_TO_32_BIT_CONVERSION = YES;
				GCC_WARN_ABOUT_RETURN_TYPE = YES_ERROR;
				GCC_WARN_UNDECLARED_SELECTOR = YES;
				GCC_WARN_UNINITIALIZED_AUTOS = YES_AGGRESSIVE;
				GCC_WARN_UNUSED_FUNCTION = YES;
				GCC_WARN_UNUSED_VARIABLE = YES;
				IPHONEOS_DEPLOYMENT_TARGET = 16.2;
				MTL_ENABLE_DEBUG_INFO = INCLUDE_SOURCE;
				MTL_FAST_MATH = YES;
				ONLY_ACTIVE_ARCH = YES;
				SDKROOT = iphoneos;
				SWIFT_ACTIVE_COMPILATION_CONDITIONS = DEBUG;
				SWIFT_OPTIMIZATION_LEVEL = "-Onone";
			};
			name = Debug;
		};
		5538ADDD29D35EB700D78B32 /* Release */ = {
			isa = XCBuildConfiguration;
			buildSettings = {
				ALWAYS_SEARCH_USER_PATHS = NO;
				CLANG_ANALYZER_NONNULL = YES;
				CLANG_ANALYZER_NUMBER_OBJECT_CONVERSION = YES_AGGRESSIVE;
				CLANG_CXX_LANGUAGE_STANDARD = "gnu++20";
				CLANG_ENABLE_MODULES = YES;
				CLANG_ENABLE_OBJC_ARC = YES;
				CLANG_ENABLE_OBJC_WEAK = YES;
				CLANG_WARN_BLOCK_CAPTURE_AUTORELEASING = YES;
				CLANG_WARN_BOOL_CONVERSION = YES;
				CLANG_WARN_COMMA = YES;
				CLANG_WARN_CONSTANT_CONVERSION = YES;
				CLANG_WARN_DEPRECATED_OBJC_IMPLEMENTATIONS = YES;
				CLANG_WARN_DIRECT_OBJC_ISA_USAGE = YES_ERROR;
				CLANG_WARN_DOCUMENTATION_COMMENTS = YES;
				CLANG_WARN_EMPTY_BODY = YES;
				CLANG_WARN_ENUM_CONVERSION = YES;
				CLANG_WARN_INFINITE_RECURSION = YES;
				CLANG_WARN_INT_CONVERSION = YES;
				CLANG_WARN_NON_LITERAL_NULL_CONVERSION = YES;
				CLANG_WARN_OBJC_IMPLICIT_RETAIN_SELF = YES;
				CLANG_WARN_OBJC_LITERAL_CONVERSION = YES;
				CLANG_WARN_OBJC_ROOT_CLASS = YES_ERROR;
				CLANG_WARN_QUOTED_INCLUDE_IN_FRAMEWORK_HEADER = YES;
				CLANG_WARN_RANGE_LOOP_ANALYSIS = YES;
				CLANG_WARN_STRICT_PROTOTYPES = YES;
				CLANG_WARN_SUSPICIOUS_MOVE = YES;
				CLANG_WARN_UNGUARDED_AVAILABILITY = YES_AGGRESSIVE;
				CLANG_WARN_UNREACHABLE_CODE = YES;
				CLANG_WARN__DUPLICATE_METHOD_MATCH = YES;
				COPY_PHASE_STRIP = NO;
				DEBUG_INFORMATION_FORMAT = "dwarf-with-dsym";
				ENABLE_NS_ASSERTIONS = NO;
				ENABLE_STRICT_OBJC_MSGSEND = YES;
				GCC_C_LANGUAGE_STANDARD = gnu11;
				GCC_NO_COMMON_BLOCKS = YES;
				GCC_WARN_64_TO_32_BIT_CONVERSION = YES;
				GCC_WARN_ABOUT_RETURN_TYPE = YES_ERROR;
				GCC_WARN_UNDECLARED_SELECTOR = YES;
				GCC_WARN_UNINITIALIZED_AUTOS = YES_AGGRESSIVE;
				GCC_WARN_UNUSED_FUNCTION = YES;
				GCC_WARN_UNUSED_VARIABLE = YES;
				IPHONEOS_DEPLOYMENT_TARGET = 16.2;
				MTL_ENABLE_DEBUG_INFO = NO;
				MTL_FAST_MATH = YES;
				SDKROOT = iphoneos;
				SWIFT_COMPILATION_MODE = wholemodule;
				SWIFT_OPTIMIZATION_LEVEL = "-O";
				VALIDATE_PRODUCT = YES;
			};
			name = Release;
		};
		5538ADDF29D35EB700D78B32 /* Debug */ = {
			isa = XCBuildConfiguration;
			buildSettings = {
				ASSETCATALOG_COMPILER_APPICON_NAME = AppIcon;
				ASSETCATALOG_COMPILER_GLOBAL_ACCENT_COLOR_NAME = AccentColor;
				CODE_SIGN_STYLE = Automatic;
				CURRENT_PROJECT_VERSION = 1;
				DEVELOPMENT_TEAM = 9VJNM48GB5;
				GENERATE_INFOPLIST_FILE = YES;
				INFOPLIST_FILE = NovelReader/Application/Info.plist;
				INFOPLIST_KEY_CFBundleDisplayName = NovelReader;
				INFOPLIST_KEY_LSApplicationCategoryType = "public.app-category.books";
				INFOPLIST_KEY_UIApplicationSupportsIndirectInputEvents = YES;
				INFOPLIST_KEY_UILaunchStoryboardName = LaunchScreen;
				INFOPLIST_KEY_UIMainStoryboardFile = "";
				INFOPLIST_KEY_UISupportedInterfaceOrientations = UIInterfaceOrientationPortrait;
				INFOPLIST_KEY_UISupportedInterfaceOrientations_iPad = "UIInterfaceOrientationLandscapeLeft UIInterfaceOrientationLandscapeRight UIInterfaceOrientationPortrait UIInterfaceOrientationPortraitUpsideDown";
				LD_RUNPATH_SEARCH_PATHS = (
					"$(inherited)",
					"@executable_path/Frameworks",
				);
				MARKETING_VERSION = 1.0;
				PRODUCT_BUNDLE_IDENTIFIER = com.rcbdev.NovelReader;
				PRODUCT_NAME = "$(TARGET_NAME)";
				SUPPORTED_PLATFORMS = "iphoneos iphonesimulator";
				SUPPORTS_MACCATALYST = NO;
				SUPPORTS_MAC_DESIGNED_FOR_IPHONE_IPAD = NO;
				SWIFT_EMIT_LOC_STRINGS = YES;
				SWIFT_VERSION = 5.0;
				TARGETED_DEVICE_FAMILY = 1;
			};
			name = Debug;
		};
		5538ADE029D35EB700D78B32 /* Release */ = {
			isa = XCBuildConfiguration;
			buildSettings = {
				ASSETCATALOG_COMPILER_APPICON_NAME = AppIcon;
				ASSETCATALOG_COMPILER_GLOBAL_ACCENT_COLOR_NAME = AccentColor;
				CODE_SIGN_STYLE = Automatic;
				CURRENT_PROJECT_VERSION = 1;
				DEVELOPMENT_TEAM = 9VJNM48GB5;
				GENERATE_INFOPLIST_FILE = YES;
				INFOPLIST_FILE = NovelReader/Application/Info.plist;
				INFOPLIST_KEY_CFBundleDisplayName = NovelReader;
				INFOPLIST_KEY_LSApplicationCategoryType = "public.app-category.books";
				INFOPLIST_KEY_UIApplicationSupportsIndirectInputEvents = YES;
				INFOPLIST_KEY_UILaunchStoryboardName = LaunchScreen;
				INFOPLIST_KEY_UIMainStoryboardFile = "";
				INFOPLIST_KEY_UISupportedInterfaceOrientations = UIInterfaceOrientationPortrait;
				INFOPLIST_KEY_UISupportedInterfaceOrientations_iPad = "UIInterfaceOrientationLandscapeLeft UIInterfaceOrientationLandscapeRight UIInterfaceOrientationPortrait UIInterfaceOrientationPortraitUpsideDown";
				LD_RUNPATH_SEARCH_PATHS = (
					"$(inherited)",
					"@executable_path/Frameworks",
				);
				MARKETING_VERSION = 1.0;
				PRODUCT_BUNDLE_IDENTIFIER = com.rcbdev.NovelReader;
				PRODUCT_NAME = "$(TARGET_NAME)";
				SUPPORTED_PLATFORMS = "iphoneos iphonesimulator";
				SUPPORTS_MACCATALYST = NO;
				SUPPORTS_MAC_DESIGNED_FOR_IPHONE_IPAD = NO;
				SWIFT_EMIT_LOC_STRINGS = YES;
				SWIFT_VERSION = 5.0;
				TARGETED_DEVICE_FAMILY = 1;
			};
			name = Release;
		};
		5538ADE229D35EB700D78B32 /* Debug */ = {
			isa = XCBuildConfiguration;
			buildSettings = {
				ALWAYS_EMBED_SWIFT_STANDARD_LIBRARIES = YES;
				BUNDLE_LOADER = "$(TEST_HOST)";
				CODE_SIGN_STYLE = Automatic;
				CURRENT_PROJECT_VERSION = 1;
				DEVELOPMENT_TEAM = 9VJNM48GB5;
				GENERATE_INFOPLIST_FILE = YES;
				IPHONEOS_DEPLOYMENT_TARGET = 16.2;
				MARKETING_VERSION = 1.0;
				PRODUCT_BUNDLE_IDENTIFIER = com.rcbdev.NovelReaderTests;
				PRODUCT_NAME = "$(TARGET_NAME)";
				SUPPORTED_PLATFORMS = "iphoneos iphonesimulator";
				SUPPORTS_MACCATALYST = NO;
				SUPPORTS_MAC_DESIGNED_FOR_IPHONE_IPAD = NO;
				SWIFT_EMIT_LOC_STRINGS = NO;
				SWIFT_VERSION = 5.0;
				TARGETED_DEVICE_FAMILY = 1;
				TEST_HOST = "$(BUILT_PRODUCTS_DIR)/NovelReader.app/$(BUNDLE_EXECUTABLE_FOLDER_PATH)/NovelReader";
			};
			name = Debug;
		};
		5538ADE329D35EB700D78B32 /* Release */ = {
			isa = XCBuildConfiguration;
			buildSettings = {
				ALWAYS_EMBED_SWIFT_STANDARD_LIBRARIES = YES;
				BUNDLE_LOADER = "$(TEST_HOST)";
				CODE_SIGN_STYLE = Automatic;
				CURRENT_PROJECT_VERSION = 1;
				DEVELOPMENT_TEAM = 9VJNM48GB5;
				GENERATE_INFOPLIST_FILE = YES;
				IPHONEOS_DEPLOYMENT_TARGET = 16.2;
				MARKETING_VERSION = 1.0;
				PRODUCT_BUNDLE_IDENTIFIER = com.rcbdev.NovelReaderTests;
				PRODUCT_NAME = "$(TARGET_NAME)";
				SUPPORTED_PLATFORMS = "iphoneos iphonesimulator";
				SUPPORTS_MACCATALYST = NO;
				SUPPORTS_MAC_DESIGNED_FOR_IPHONE_IPAD = NO;
				SWIFT_EMIT_LOC_STRINGS = NO;
				SWIFT_VERSION = 5.0;
				TARGETED_DEVICE_FAMILY = 1;
				TEST_HOST = "$(BUILT_PRODUCTS_DIR)/NovelReader.app/$(BUNDLE_EXECUTABLE_FOLDER_PATH)/NovelReader";
			};
			name = Release;
		};
		5538ADE529D35EB700D78B32 /* Debug */ = {
			isa = XCBuildConfiguration;
			buildSettings = {
				ALWAYS_EMBED_SWIFT_STANDARD_LIBRARIES = YES;
				CODE_SIGN_STYLE = Automatic;
				CURRENT_PROJECT_VERSION = 1;
				DEVELOPMENT_TEAM = 9VJNM48GB5;
				GENERATE_INFOPLIST_FILE = YES;
				MARKETING_VERSION = 1.0;
				PRODUCT_BUNDLE_IDENTIFIER = com.rcbdev.NovelReaderUITests;
				PRODUCT_NAME = "$(TARGET_NAME)";
				SUPPORTED_PLATFORMS = "iphoneos iphonesimulator";
				SUPPORTS_MACCATALYST = NO;
				SUPPORTS_MAC_DESIGNED_FOR_IPHONE_IPAD = NO;
				SWIFT_EMIT_LOC_STRINGS = NO;
				SWIFT_VERSION = 5.0;
				TARGETED_DEVICE_FAMILY = 1;
				TEST_TARGET_NAME = NovelReader;
			};
			name = Debug;
		};
		5538ADE629D35EB700D78B32 /* Release */ = {
			isa = XCBuildConfiguration;
			buildSettings = {
				ALWAYS_EMBED_SWIFT_STANDARD_LIBRARIES = YES;
				CODE_SIGN_STYLE = Automatic;
				CURRENT_PROJECT_VERSION = 1;
				DEVELOPMENT_TEAM = 9VJNM48GB5;
				GENERATE_INFOPLIST_FILE = YES;
				MARKETING_VERSION = 1.0;
				PRODUCT_BUNDLE_IDENTIFIER = com.rcbdev.NovelReaderUITests;
				PRODUCT_NAME = "$(TARGET_NAME)";
				SUPPORTED_PLATFORMS = "iphoneos iphonesimulator";
				SUPPORTS_MACCATALYST = NO;
				SUPPORTS_MAC_DESIGNED_FOR_IPHONE_IPAD = NO;
				SWIFT_EMIT_LOC_STRINGS = NO;
				SWIFT_VERSION = 5.0;
				TARGETED_DEVICE_FAMILY = 1;
				TEST_TARGET_NAME = NovelReader;
			};
			name = Release;
		};
/* End XCBuildConfiguration section */

/* Begin XCConfigurationList section */
		5538ADAF29D35EB500D78B32 /* Build configuration list for PBXProject "NovelReader" */ = {
			isa = XCConfigurationList;
			buildConfigurations = (
				5538ADDC29D35EB700D78B32 /* Debug */,
				5538ADDD29D35EB700D78B32 /* Release */,
			);
			defaultConfigurationIsVisible = 0;
			defaultConfigurationName = Release;
		};
		5538ADDE29D35EB700D78B32 /* Build configuration list for PBXNativeTarget "NovelReader" */ = {
			isa = XCConfigurationList;
			buildConfigurations = (
				5538ADDF29D35EB700D78B32 /* Debug */,
				5538ADE029D35EB700D78B32 /* Release */,
			);
			defaultConfigurationIsVisible = 0;
			defaultConfigurationName = Release;
		};
		5538ADE129D35EB700D78B32 /* Build configuration list for PBXNativeTarget "NovelReaderTests" */ = {
			isa = XCConfigurationList;
			buildConfigurations = (
				5538ADE229D35EB700D78B32 /* Debug */,
				5538ADE329D35EB700D78B32 /* Release */,
			);
			defaultConfigurationIsVisible = 0;
			defaultConfigurationName = Release;
		};
		5538ADE429D35EB700D78B32 /* Build configuration list for PBXNativeTarget "NovelReaderUITests" */ = {
			isa = XCConfigurationList;
			buildConfigurations = (
				5538ADE529D35EB700D78B32 /* Debug */,
				5538ADE629D35EB700D78B32 /* Release */,
			);
			defaultConfigurationIsVisible = 0;
			defaultConfigurationName = Release;
		};
/* End XCConfigurationList section */
	};
	rootObject = 5538ADAC29D35EB500D78B32 /* Project object */;
}
